// !$*UTF8*$!
{
	archiveVersion = 1;
	classes = {
	};
	objectVersion = 70;
	objects = {

/* Begin PBXBuildFile section */
		00000003 /* ContentView.swift in Sources */ = {isa = PBXBuildFile; fileRef = 00000004 /* ContentView.swift */; };
		00000005 /* Assets.xcassets in Resources */ = {isa = PBXBuildFile; fileRef = 00000006 /* Assets.xcassets */; };
		00000007 /* Preview Assets.xcassets in Resources */ = {isa = PBXBuildFile; fileRef = 00000008 /* Preview Assets.xcassets */; };
		A1003C0F2F3097E7002FACC3 /* Intercom in Frameworks */ = {isa = PBXBuildFile; productRef = A1003C0E2F3097E7002FACC3 /* Intercom */; };
		A1241A622F34AC0300872294 /* CreatorModeSection.swift in Sources */ = {isa = PBXBuildFile; fileRef = A1241A612F34AC0300872294 /* CreatorModeSection.swift */; };
		A1241A652F34FEA300872294 /* OnboardingProcessingView.swift in Sources */ = {isa = PBXBuildFile; fileRef = A1241A642F34FEA300872294 /* OnboardingProcessingView.swift */; };
		A129837A2F2008CD00352F7F /* AppDelegate.swift in Sources */ = {isa = PBXBuildFile; fileRef = A12983792F2008CD00352F7F /* AppDelegate.swift */; };
		A129837C2F200ECB00352F7F /* MonetizationEngine.swift in Sources */ = {isa = PBXBuildFile; fileRef = A129837B2F200ECB00352F7F /* MonetizationEngine.swift */; };
		A129837F2F200F6F00352F7F /* PushPermissionView.swift in Sources */ = {isa = PBXBuildFile; fileRef = A129837D2F200F6F00352F7F /* PushPermissionView.swift */; };
		A12983832F200F7B00352F7F /* SegmentedPaywallView.swift in Sources */ = {isa = PBXBuildFile; fileRef = A12983812F200F7B00352F7F /* SegmentedPaywallView.swift */; };
		A12983862F20255100352F7F /* HairColorData.swift in Sources */ = {isa = PBXBuildFile; fileRef = A12983842F20255100352F7F /* HairColorData.swift */; };
		A149A4E22F173E5B00AA7557 /* NanoBananaPrompts.swift in Sources */ = {isa = PBXBuildFile; fileRef = A149A4E12F173E5B00AA7557 /* NanoBananaPrompts.swift */; };
		A149A4E42F17407F00AA7557 /* EditProfileSheet.swift in Sources */ = {isa = PBXBuildFile; fileRef = A149A4E32F17407F00AA7557 /* EditProfileSheet.swift */; };
		A149A4E62F17408D00AA7557 /* AccountGlassEffect.swift in Sources */ = {isa = PBXBuildFile; fileRef = A149A4E52F17408D00AA7557 /* AccountGlassEffect.swift */; };
		A149A4E92F1743EF00AA7557 /* AccountSheetOpal.swift in Sources */ = {isa = PBXBuildFile; fileRef = A149A4E72F1743EF00AA7557 /* AccountSheetOpal.swift */; };
		A149A4EA2F1743EF00AA7557 /* SettingsComponents.swift in Sources */ = {isa = PBXBuildFile; fileRef = A149A4E82F1743EF00AA7557 /* SettingsComponents.swift */; };
		A149A4EC2F17463D00AA7557 /* HomeViewSimplified.swift in Sources */ = {isa = PBXBuildFile; fileRef = A149A4EB2F17463D00AA7557 /* HomeViewSimplified.swift */; };
		A149A4EE2F17F18000AA7557 /* PostPaywallOnboarding.swift in Sources */ = {isa = PBXBuildFile; fileRef = A149A4ED2F17F18000AA7557 /* PostPaywallOnboarding.swift */; };
		A14A11432F26FD9600918325 /* VariantAPaywallView.swift in Sources */ = {isa = PBXBuildFile; fileRef = A14A11402F26FD9600918325 /* VariantAPaywallView.swift */; };
		A14A11442F26FD9600918325 /* VariantBPaywallView.swift in Sources */ = {isa = PBXBuildFile; fileRef = A14A11412F26FD9600918325 /* VariantBPaywallView.swift */; };
		A14A11452F26FD9600918325 /* VariantCPaywallView.swift in Sources */ = {isa = PBXBuildFile; fileRef = A14A11422F26FD9600918325 /* VariantCPaywallView.swift */; };
		A14A11472F26FE3800918325 /* FunnelExperimentService.swift in Sources */ = {isa = PBXBuildFile; fileRef = A14A11462F26FE3800918325 /* FunnelExperimentService.swift */; };
		A14A11492F27292200918325 /* TrialConversionView.swift in Sources */ = {isa = PBXBuildFile; fileRef = A14A11482F27292200918325 /* TrialConversionView.swift */; };
		A150F21D2F156913001B9D9B /* EclatApp.swift in Sources */ = {isa = PBXBuildFile; fileRef = A150F21C2F156913001B9D9B /* EclatApp.swift */; };
		A17C0F242F232362007F187D /* DailyLimitReachedView.swift in Sources */ = {isa = PBXBuildFile; fileRef = A17C0F232F232362007F187D /* DailyLimitReachedView.swift */; };
		A17C0F262F233C6B007F187D /* DevHairstyleSheet.swift in Sources */ = {isa = PBXBuildFile; fileRef = A17C0F252F233C6B007F187D /* DevHairstyleSheet.swift */; };
		A183E7302F058271009023E4 /* RootView.swift in Sources */ = {isa = PBXBuildFile; fileRef = A183E7122F058271009023E4 /* RootView.swift */; };
		A183E7312F058271009023E4 /* CameraView.swift in Sources */ = {isa = PBXBuildFile; fileRef = A183E7232F058271009023E4 /* CameraView.swift */; };
		A183E7322F058271009023E4 /* NetworkService.swift in Sources */ = {isa = PBXBuildFile; fileRef = A183E71D2F058271009023E4 /* NetworkService.swift */; };
		A183E7332F058271009023E4 /* Components.swift in Sources */ = {isa = PBXBuildFile; fileRef = A183E7172F058271009023E4 /* Components.swift */; };
		A183E7342F058271009023E4 /* PaywallView.swift in Sources */ = {isa = PBXBuildFile; fileRef = A183E7292F058271009023E4 /* PaywallView.swift */; };
		A183E7352F058271009023E4 /* HomeView.swift in Sources */ = {isa = PBXBuildFile; fileRef = A183E7252F058271009023E4 /* HomeView.swift */; };
		A183E7362F058271009023E4 /* GeminiAPI.swift in Sources */ = {isa = PBXBuildFile; fileRef = A183E71C2F058271009023E4 /* GeminiAPI.swift */; };
		A183E7372F058271009023E4 /* Animations.swift in Sources */ = {isa = PBXBuildFile; fileRef = A183E7162F058271009023E4 /* Animations.swift */; };
		A183E7382F058271009023E4 /* SubscriptionManager.swift in Sources */ = {isa = PBXBuildFile; fileRef = A183E71F2F058271009023E4 /* SubscriptionManager.swift */; };
		A183E7392F058271009023E4 /* OnboardingView.swift in Sources */ = {isa = PBXBuildFile; fileRef = A183E7272F058271009023E4 /* OnboardingView.swift */; };
		A183E73A2F058271009023E4 /* CameraService.swift in Sources */ = {isa = PBXBuildFile; fileRef = A183E7222F058271009023E4 /* CameraService.swift */; };
		A183E73B2F058271009023E4 /* APIConfig.swift in Sources */ = {isa = PBXBuildFile; fileRef = A183E7142F058271009023E4 /* APIConfig.swift */; };
		A183E73C2F058271009023E4 /* Extensions.swift in Sources */ = {isa = PBXBuildFile; fileRef = A183E71A2F058271009023E4 /* Extensions.swift */; };
		A183E73D2F058271009023E4 /* AppState.swift in Sources */ = {isa = PBXBuildFile; fileRef = A183E7112F058271009023E4 /* AppState.swift */; };
		A183E73E2F058271009023E4 /* Theme.swift in Sources */ = {isa = PBXBuildFile; fileRef = A183E7182F058271009023E4 /* Theme.swift */; };
		A183E73F2F058271009023E4 /* ResultView.swift in Sources */ = {isa = PBXBuildFile; fileRef = A183E72D2F058271009023E4 /* ResultView.swift */; };
		A183E7402F058271009023E4 /* ProcessingView.swift in Sources */ = {isa = PBXBuildFile; fileRef = A183E72B2F058271009023E4 /* ProcessingView.swift */; };
		A1957FDA2F1C8BBF0090C681 /* CreditsService.swift in Sources */ = {isa = PBXBuildFile; fileRef = A1957FD92F1C8BBF0090C681 /* CreditsService.swift */; };
		A19D36012F09B6350053724B /* SupabaseService.swift in Sources */ = {isa = PBXBuildFile; fileRef = A19D36002F09B6350053724B /* SupabaseService.swift */; };
		A19D36032F09B63B0053724B /* AuthService.swift in Sources */ = {isa = PBXBuildFile; fileRef = A19D36022F09B63B0053724B /* AuthService.swift */; };
		A19D360C2F09BBEF0053724B /* GoogleSignIn in Frameworks */ = {isa = PBXBuildFile; productRef = A19D360B2F09BBEF0053724B /* GoogleSignIn */; };
		A19D360E2F09BBEF0053724B /* GoogleSignInSwift in Frameworks */ = {isa = PBXBuildFile; productRef = A19D360D2F09BBEF0053724B /* GoogleSignInSwift */; };
		A19D36122F0AAA560053724B /* RevenueCat in Frameworks */ = {isa = PBXBuildFile; productRef = A19D36112F0AAA560053724B /* RevenueCat */; };
		A19D36182F0AD9580053724B /* VariableBlur.swift in Sources */ = {isa = PBXBuildFile; fileRef = A19D36172F0AD9580053724B /* VariableBlur.swift */; };
		A19D361C2F0B0C360053724B /* Agrandir Narrow Bold.otf in Resources */ = {isa = PBXBuildFile; fileRef = A19D36192F0B0C360053724B /* Agrandir Narrow Bold.otf */; };
		A19D361F2F0B36040053724B /* HistoryView.swift in Sources */ = {isa = PBXBuildFile; fileRef = A19D361D2F0B36040053724B /* HistoryView.swift */; };
		A19D36222F0C9BA50053724B /* StoreKit.framework in Frameworks */ = {isa = PBXBuildFile; fileRef = A19D36212F0C9BA50053724B /* StoreKit.framework */; };
		A19D36262F0D12340053724B /* OnboardingDataService.swift in Sources */ = {isa = PBXBuildFile; fileRef = A19D36252F0D12340053724B /* OnboardingDataService.swift */; };
		A19D36282F0D12340053724B /* GenerationService.swift in Sources */ = {isa = PBXBuildFile; fileRef = A19D36272F0D12340053724B /* GenerationService.swift */; };
		A1A2274B2F15C7C500744DFA /* GT-Alpina-Condensed-Thin.otf in Resources */ = {isa = PBXBuildFile; fileRef = A1A2274A2F15C7C500744DFA /* GT-Alpina-Condensed-Thin.otf */; };
		A1A2274D2F15D4FD00744DFA /* GT-Alpina-Standard-Regular-Trial.otf in Resources */ = {isa = PBXBuildFile; fileRef = A1A2274C2F15D4FD00744DFA /* GT-Alpina-Standard-Regular-Trial.otf */; };
		A1A646882F0D716500FD182E /* AuthView.swift in Sources */ = {isa = PBXBuildFile; fileRef = A1A646862F0D716500FD182E /* AuthView.swift */; };
		A1A6468B2F0D767F00FD182E /* ProBadge.swift in Sources */ = {isa = PBXBuildFile; fileRef = A1A646892F0D767F00FD182E /* ProBadge.swift */; };
		A1A6468E2F0FD9C400FD182E /* TikTokBusinessSDK in Frameworks */ = {isa = PBXBuildFile; productRef = A1A6468D2F0FD9C400FD182E /* TikTokBusinessSDK */; };
		A1A646902F0FF0C800FD182E /* TikTokService.swift in Sources */ = {isa = PBXBuildFile; fileRef = A1A6468F2F0FF0C800FD182E /* TikTokService.swift */; };
		A1B1C8DD2F3DCAF2001ED680 /* AIConsentView.swift in Sources */ = {isa = PBXBuildFile; fileRef = A1B1C8DC2F3DCAF2001ED680 /* AIConsentView.swift */; };
		A1F3FE272F1C97760062B9FD /* CreditsPaywallView.swift in Sources */ = {isa = PBXBuildFile; fileRef = A1F3FE262F1C97760062B9FD /* CreditsPaywallView.swift */; };
		A1F3FE292F1CC1190062B9FD /* OutOfLooksSheet.swift in Sources */ = {isa = PBXBuildFile; fileRef = A1F3FE282F1CC1190062B9FD /* OutOfLooksSheet.swift */; };
		A1F3FE2B2F1CC13B0062B9FD /* AuroraButton.swift in Sources */ = {isa = PBXBuildFile; fileRef = A1F3FE2A2F1CC13B0062B9FD /* AuroraButton.swift */; };
		A1F3FE2D2F1D23050062B9FD /* InstrumentSerif-Regular.ttf in Resources */ = {isa = PBXBuildFile; fileRef = A1F3FE2C2F1D23050062B9FD /* InstrumentSerif-Regular.ttf */; };
		A1F3FE2F2F1D495C0062B9FD /* NotificationManager.swift in Sources */ = {isa = PBXBuildFile; fileRef = A1F3FE2E2F1D495C0062B9FD /* NotificationManager.swift */; };
/* End PBXBuildFile section */

/* Begin PBXFileReference section */
		00000004 /* ContentView.swift */ = {isa = PBXFileReference; lastKnownFileType = sourcecode.swift; path = ContentView.swift; sourceTree = "<group>"; };
		00000006 /* Assets.xcassets */ = {isa = PBXFileReference; lastKnownFileType = folder.assetcatalog; path = Assets.xcassets; sourceTree = "<group>"; };
		00000008 /* Preview Assets.xcassets */ = {isa = PBXFileReference; lastKnownFileType = folder.assetcatalog; path = "Preview Assets.xcassets"; sourceTree = "<group>"; };
		00000009 /* Eclat.app */ = {isa = PBXFileReference; explicitFileType = wrapper.application; includeInIndex = 0; path = Eclat.app; sourceTree = BUILT_PRODUCTS_DIR; };
		A1241A612F34AC0300872294 /* CreatorModeSection.swift */ = {isa = PBXFileReference; lastKnownFileType = sourcecode.swift; path = CreatorModeSection.swift; sourceTree = "<group>"; };
		A1241A632F34AC7C00872294 /* CreatorModeSection.swift */ = {isa = PBXFileReference; lastKnownFileType = sourcecode.swift; path = CreatorModeSection.swift; sourceTree = "<group>"; };
		A1241A642F34FEA300872294 /* OnboardingProcessingView.swift */ = {isa = PBXFileReference; lastKnownFileType = sourcecode.swift; path = OnboardingProcessingView.swift; sourceTree = "<group>"; };
		A12983792F2008CD00352F7F /* AppDelegate.swift */ = {isa = PBXFileReference; lastKnownFileType = sourcecode.swift; path = AppDelegate.swift; sourceTree = "<group>"; };
		A129837B2F200ECB00352F7F /* MonetizationEngine.swift */ = {isa = PBXFileReference; lastKnownFileType = sourcecode.swift; path = MonetizationEngine.swift; sourceTree = "<group>"; };
		A129837D2F200F6F00352F7F /* PushPermissionView.swift */ = {isa = PBXFileReference; lastKnownFileType = sourcecode.swift; path = PushPermissionView.swift; sourceTree = "<group>"; };
		A12983812F200F7B00352F7F /* SegmentedPaywallView.swift */ = {isa = PBXFileReference; lastKnownFileType = sourcecode.swift; path = SegmentedPaywallView.swift; sourceTree = "<group>"; };
		A12983842F20255100352F7F /* HairColorData.swift */ = {isa = PBXFileReference; lastKnownFileType = sourcecode.swift; path = HairColorData.swift; sourceTree = "<group>"; };
		A149A4E12F173E5B00AA7557 /* NanoBananaPrompts.swift */ = {isa = PBXFileReference; lastKnownFileType = sourcecode.swift; path = NanoBananaPrompts.swift; sourceTree = "<group>"; };
		A149A4E32F17407F00AA7557 /* EditProfileSheet.swift */ = {isa = PBXFileReference; lastKnownFileType = sourcecode.swift; path = EditProfileSheet.swift; sourceTree = "<group>"; };
		A149A4E52F17408D00AA7557 /* AccountGlassEffect.swift */ = {isa = PBXFileReference; lastKnownFileType = sourcecode.swift; path = AccountGlassEffect.swift; sourceTree = "<group>"; };
		A149A4E72F1743EF00AA7557 /* AccountSheetOpal.swift */ = {isa = PBXFileReference; lastKnownFileType = sourcecode.swift; path = AccountSheetOpal.swift; sourceTree = "<group>"; };
		A149A4E82F1743EF00AA7557 /* SettingsComponents.swift */ = {isa = PBXFileReference; lastKnownFileType = sourcecode.swift; path = SettingsComponents.swift; sourceTree = "<group>"; };
		A149A4EB2F17463D00AA7557 /* HomeViewSimplified.swift */ = {isa = PBXFileReference; lastKnownFileType = sourcecode.swift; path = HomeViewSimplified.swift; sourceTree = "<group>"; };
		A149A4ED2F17F18000AA7557 /* PostPaywallOnboarding.swift */ = {isa = PBXFileReference; lastKnownFileType = sourcecode.swift; path = PostPaywallOnboarding.swift; sourceTree = "<group>"; };
		A14A11402F26FD9600918325 /* VariantAPaywallView.swift */ = {isa = PBXFileReference; lastKnownFileType = sourcecode.swift; path = VariantAPaywallView.swift; sourceTree = "<group>"; };
		A14A11412F26FD9600918325 /* VariantBPaywallView.swift */ = {isa = PBXFileReference; lastKnownFileType = sourcecode.swift; path = VariantBPaywallView.swift; sourceTree = "<group>"; };
		A14A11422F26FD9600918325 /* VariantCPaywallView.swift */ = {isa = PBXFileReference; lastKnownFileType = sourcecode.swift; path = VariantCPaywallView.swift; sourceTree = "<group>"; };
		A14A11462F26FE3800918325 /* FunnelExperimentService.swift */ = {isa = PBXFileReference; lastKnownFileType = sourcecode.swift; path = FunnelExperimentService.swift; sourceTree = "<group>"; };
		A14A11482F27292200918325 /* TrialConversionView.swift */ = {isa = PBXFileReference; lastKnownFileType = sourcecode.swift; path = TrialConversionView.swift; sourceTree = "<group>"; };
		A150F21C2F156913001B9D9B /* EclatApp.swift */ = {isa = PBXFileReference; lastKnownFileType = sourcecode.swift; path = EclatApp.swift; sourceTree = "<group>"; };
		A17C0F232F232362007F187D /* DailyLimitReachedView.swift */ = {isa = PBXFileReference; lastKnownFileType = sourcecode.swift; path = DailyLimitReachedView.swift; sourceTree = "<group>"; };
		A17C0F252F233C6B007F187D /* DevHairstyleSheet.swift */ = {isa = PBXFileReference; lastKnownFileType = sourcecode.swift; path = DevHairstyleSheet.swift; sourceTree = "<group>"; };
		A183E7112F058271009023E4 /* AppState.swift */ = {isa = PBXFileReference; lastKnownFileType = sourcecode.swift; path = AppState.swift; sourceTree = "<group>"; };
		A183E7122F058271009023E4 /* RootView.swift */ = {isa = PBXFileReference; lastKnownFileType = sourcecode.swift; path = RootView.swift; sourceTree = "<group>"; };
		A183E7142F058271009023E4 /* APIConfig.swift */ = {isa = PBXFileReference; lastKnownFileType = sourcecode.swift; path = APIConfig.swift; sourceTree = "<group>"; };
		A183E7162F058271009023E4 /* Animations.swift */ = {isa = PBXFileReference; lastKnownFileType = sourcecode.swift; path = Animations.swift; sourceTree = "<group>"; };
		A183E7172F058271009023E4 /* Components.swift */ = {isa = PBXFileReference; lastKnownFileType = sourcecode.swift; path = Components.swift; sourceTree = "<group>"; };
		A183E7182F058271009023E4 /* Theme.swift */ = {isa = PBXFileReference; lastKnownFileType = sourcecode.swift; path = Theme.swift; sourceTree = "<group>"; };
		A183E71A2F058271009023E4 /* Extensions.swift */ = {isa = PBXFileReference; lastKnownFileType = sourcecode.swift; path = Extensions.swift; sourceTree = "<group>"; };
		A183E71C2F058271009023E4 /* GeminiAPI.swift */ = {isa = PBXFileReference; lastKnownFileType = sourcecode.swift; path = GeminiAPI.swift; sourceTree = "<group>"; };
		A183E71D2F058271009023E4 /* NetworkService.swift */ = {isa = PBXFileReference; lastKnownFileType = sourcecode.swift; path = NetworkService.swift; sourceTree = "<group>"; };
		A183E71F2F058271009023E4 /* SubscriptionManager.swift */ = {isa = PBXFileReference; lastKnownFileType = sourcecode.swift; path = SubscriptionManager.swift; sourceTree = "<group>"; };
		A183E7222F058271009023E4 /* CameraService.swift */ = {isa = PBXFileReference; lastKnownFileType = sourcecode.swift; path = CameraService.swift; sourceTree = "<group>"; };
		A183E7232F058271009023E4 /* CameraView.swift */ = {isa = PBXFileReference; lastKnownFileType = sourcecode.swift; path = CameraView.swift; sourceTree = "<group>"; };
		A183E7252F058271009023E4 /* HomeView.swift */ = {isa = PBXFileReference; lastKnownFileType = sourcecode.swift; path = HomeView.swift; sourceTree = "<group>"; };
		A183E7272F058271009023E4 /* OnboardingView.swift */ = {isa = PBXFileReference; lastKnownFileType = sourcecode.swift; path = OnboardingView.swift; sourceTree = "<group>"; };
		A183E7292F058271009023E4 /* PaywallView.swift */ = {isa = PBXFileReference; lastKnownFileType = sourcecode.swift; path = PaywallView.swift; sourceTree = "<group>"; };
		A183E72B2F058271009023E4 /* ProcessingView.swift */ = {isa = PBXFileReference; lastKnownFileType = sourcecode.swift; path = ProcessingView.swift; sourceTree = "<group>"; };
		A183E72D2F058271009023E4 /* ResultView.swift */ = {isa = PBXFileReference; lastKnownFileType = sourcecode.swift; path = ResultView.swift; sourceTree = "<group>"; };
		A1957FD92F1C8BBF0090C681 /* CreditsService.swift */ = {isa = PBXFileReference; lastKnownFileType = sourcecode.swift; path = CreditsService.swift; sourceTree = "<group>"; };
		A19D36002F09B6350053724B /* SupabaseService.swift */ = {isa = PBXFileReference; lastKnownFileType = sourcecode.swift; path = SupabaseService.swift; sourceTree = "<group>"; };
		A19D36022F09B63B0053724B /* AuthService.swift */ = {isa = PBXFileReference; lastKnownFileType = sourcecode.swift; path = AuthService.swift; sourceTree = "<group>"; };
		A19D36172F0AD9580053724B /* VariableBlur.swift */ = {isa = PBXFileReference; lastKnownFileType = sourcecode.swift; path = VariableBlur.swift; sourceTree = "<group>"; };
		A19D36192F0B0C360053724B /* Agrandir Narrow Bold.otf */ = {isa = PBXFileReference; lastKnownFileType = file; path = "Agrandir Narrow Bold.otf"; sourceTree = "<group>"; };
		A19D361D2F0B36040053724B /* HistoryView.swift */ = {isa = PBXFileReference; lastKnownFileType = sourcecode.swift; path = HistoryView.swift; sourceTree = "<group>"; };
		A19D36202F0C108E0053724B /* Eclat.entitlements */ = {isa = PBXFileReference; lastKnownFileType = text.plist.entitlements; path = Eclat.entitlements; sourceTree = "<group>"; };
		A19D36212F0C9BA50053724B /* StoreKit.framework */ = {isa = PBXFileReference; lastKnownFileType = wrapper.framework; name = StoreKit.framework; path = System/Library/Frameworks/StoreKit.framework; sourceTree = SDKROOT; };
		A19D36252F0D12340053724B /* OnboardingDataService.swift */ = {isa = PBXFileReference; lastKnownFileType = sourcecode.swift; path = OnboardingDataService.swift; sourceTree = "<group>"; };
		A19D36272F0D12340053724B /* GenerationService.swift */ = {isa = PBXFileReference; lastKnownFileType = sourcecode.swift; path = GenerationService.swift; sourceTree = "<group>"; };
		A1A2274A2F15C7C500744DFA /* GT-Alpina-Condensed-Thin.otf */ = {isa = PBXFileReference; lastKnownFileType = file; path = "GT-Alpina-Condensed-Thin.otf"; sourceTree = "<group>"; };
		A1A2274C2F15D4FD00744DFA /* GT-Alpina-Standard-Regular-Trial.otf */ = {isa = PBXFileReference; lastKnownFileType = file; path = "GT-Alpina-Standard-Regular-Trial.otf"; sourceTree = "<group>"; };
		A1A2274E2F15E17A00744DFA /* Contents.json */ = {isa = PBXFileReference; lastKnownFileType = text.json; path = Contents.json; sourceTree = "<group>"; };
		A1A227502F15E17A00744DFA /* Contents.json */ = {isa = PBXFileReference; lastKnownFileType = text.json; path = Contents.json; sourceTree = "<group>"; };
		A1A227522F15E17A00744DFA /* Contents.json */ = {isa = PBXFileReference; lastKnownFileType = text.json; path = Contents.json; sourceTree = "<group>"; };
		A1A227542F15E17A00744DFA /* Contents.json */ = {isa = PBXFileReference; lastKnownFileType = text.json; path = Contents.json; sourceTree = "<group>"; };
		A1A227562F15E17A00744DFA /* Contents.json */ = {isa = PBXFileReference; lastKnownFileType = text.json; path = Contents.json; sourceTree = "<group>"; };
		A1A227582F15E17A00744DFA /* Contents.json */ = {isa = PBXFileReference; lastKnownFileType = text.json; path = Contents.json; sourceTree = "<group>"; };
		A1A2275A2F15E17A00744DFA /* Contents.json */ = {isa = PBXFileReference; lastKnownFileType = text.json; path = Contents.json; sourceTree = "<group>"; };
		A1A2275C2F15E17A00744DFA /* butterfly-cut.png */ = {isa = PBXFileReference; lastKnownFileType = image.png; path = "butterfly-cut.png"; sourceTree = "<group>"; };
		A1A2275D2F15E17A00744DFA /* Contents.json */ = {isa = PBXFileReference; lastKnownFileType = text.json; path = Contents.json; sourceTree = "<group>"; };
		A1A2275F2F15E17A00744DFA /* Contents.json */ = {isa = PBXFileReference; lastKnownFileType = text.json; path = Contents.json; sourceTree = "<group>"; };
		A1A227612F15E17A00744DFA /* Contents.json */ = {isa = PBXFileReference; lastKnownFileType = text.json; path = Contents.json; sourceTree = "<group>"; };
		A1A227632F15E17A00744DFA /* Contents.json */ = {isa = PBXFileReference; lastKnownFileType = text.json; path = Contents.json; sourceTree = "<group>"; };
		A1A227652F15E17A00744DFA /* Contents.json */ = {isa = PBXFileReference; lastKnownFileType = text.json; path = Contents.json; sourceTree = "<group>"; };
		A1A227672F15E17A00744DFA /* Contents.json */ = {isa = PBXFileReference; lastKnownFileType = text.json; path = Contents.json; sourceTree = "<group>"; };
		A1A227682F15E17A00744DFA /* curtains-bangs.png */ = {isa = PBXFileReference; lastKnownFileType = image.png; path = "curtains-bangs.png"; sourceTree = "<group>"; };
		A1A2276A2F15E17A00744DFA /* Contents.json */ = {isa = PBXFileReference; lastKnownFileType = text.json; path = Contents.json; sourceTree = "<group>"; };
		A1A2276C2F15E17A00744DFA /* Contents.json */ = {isa = PBXFileReference; lastKnownFileType = text.json; path = Contents.json; sourceTree = "<group>"; };
		A1A2276E2F15E17A00744DFA /* Contents.json */ = {isa = PBXFileReference; lastKnownFileType = text.json; path = Contents.json; sourceTree = "<group>"; };
		A1A227702F15E17A00744DFA /* Contents.json */ = {isa = PBXFileReference; lastKnownFileType = text.json; path = Contents.json; sourceTree = "<group>"; };
		A1A227722F15E17A00744DFA /* Contents.json */ = {isa = PBXFileReference; lastKnownFileType = text.json; path = Contents.json; sourceTree = "<group>"; };
		A1A227742F15E17A00744DFA /* Contents.json */ = {isa = PBXFileReference; lastKnownFileType = text.json; path = Contents.json; sourceTree = "<group>"; };
		A1A227762F15E17A00744DFA /* Contents.json */ = {isa = PBXFileReference; lastKnownFileType = text.json; path = Contents.json; sourceTree = "<group>"; };
		A1A227782F15E17A00744DFA /* Contents.json */ = {isa = PBXFileReference; lastKnownFileType = text.json; path = Contents.json; sourceTree = "<group>"; };
		A1A2277A2F15E17A00744DFA /* Contents.json */ = {isa = PBXFileReference; lastKnownFileType = text.json; path = Contents.json; sourceTree = "<group>"; };
		A1A2277C2F15E17A00744DFA /* Contents.json */ = {isa = PBXFileReference; lastKnownFileType = text.json; path = Contents.json; sourceTree = "<group>"; };
		A1A2277E2F15E17A00744DFA /* Contents.json */ = {isa = PBXFileReference; lastKnownFileType = text.json; path = Contents.json; sourceTree = "<group>"; };
		A1A227802F15E17A00744DFA /* Contents.json */ = {isa = PBXFileReference; lastKnownFileType = text.json; path = Contents.json; sourceTree = "<group>"; };
		A1A227822F15E17A00744DFA /* Contents.json */ = {isa = PBXFileReference; lastKnownFileType = text.json; path = Contents.json; sourceTree = "<group>"; };
		A1A227842F15E17A00744DFA /* Contents.json */ = {isa = PBXFileReference; lastKnownFileType = text.json; path = Contents.json; sourceTree = "<group>"; };
		A1A227862F15E17A00744DFA /* Contents.json */ = {isa = PBXFileReference; lastKnownFileType = text.json; path = Contents.json; sourceTree = "<group>"; };
		A1A227882F15E17A00744DFA /* Contents.json */ = {isa = PBXFileReference; lastKnownFileType = text.json; path = Contents.json; sourceTree = "<group>"; };
		A1A2278A2F15E17A00744DFA /* Contents.json */ = {isa = PBXFileReference; lastKnownFileType = text.json; path = Contents.json; sourceTree = "<group>"; };
		A1A2278C2F15E17A00744DFA /* Contents.json */ = {isa = PBXFileReference; lastKnownFileType = text.json; path = Contents.json; sourceTree = "<group>"; };
		A1A2278E2F15E17A00744DFA /* Contents.json */ = {isa = PBXFileReference; lastKnownFileType = text.json; path = Contents.json; sourceTree = "<group>"; };
		A1A227902F15E17A00744DFA /* Contents.json */ = {isa = PBXFileReference; lastKnownFileType = text.json; path = Contents.json; sourceTree = "<group>"; };
		A1A227922F15E17A00744DFA /* Contents.json */ = {isa = PBXFileReference; lastKnownFileType = text.json; path = Contents.json; sourceTree = "<group>"; };
		A1A227942F15E17A00744DFA /* Contents.json */ = {isa = PBXFileReference; lastKnownFileType = text.json; path = Contents.json; sourceTree = "<group>"; };
		A1A227962F15E17A00744DFA /* Contents.json */ = {isa = PBXFileReference; lastKnownFileType = text.json; path = Contents.json; sourceTree = "<group>"; };
		A1A227982F15E17A00744DFA /* Contents.json */ = {isa = PBXFileReference; lastKnownFileType = text.json; path = Contents.json; sourceTree = "<group>"; };
		A1A2279A2F15E17A00744DFA /* Contents.json */ = {isa = PBXFileReference; lastKnownFileType = text.json; path = Contents.json; sourceTree = "<group>"; };
		A1A2279C2F15E17A00744DFA /* Contents.json */ = {isa = PBXFileReference; lastKnownFileType = text.json; path = Contents.json; sourceTree = "<group>"; };
		A1A2279E2F15E17A00744DFA /* Contents.json */ = {isa = PBXFileReference; lastKnownFileType = text.json; path = Contents.json; sourceTree = "<group>"; };
		A1A227A02F15E17A00744DFA /* Contents.json */ = {isa = PBXFileReference; lastKnownFileType = text.json; path = Contents.json; sourceTree = "<group>"; };
		A1A646862F0D716500FD182E /* AuthView.swift */ = {isa = PBXFileReference; lastKnownFileType = sourcecode.swift; path = AuthView.swift; sourceTree = "<group>"; };
		A1A646892F0D767F00FD182E /* ProBadge.swift */ = {isa = PBXFileReference; lastKnownFileType = sourcecode.swift; path = ProBadge.swift; sourceTree = "<group>"; };
		A1A6468F2F0FF0C800FD182E /* TikTokService.swift */ = {isa = PBXFileReference; lastKnownFileType = sourcecode.swift; path = TikTokService.swift; sourceTree = "<group>"; };
		A1B1C8DC2F3DCAF2001ED680 /* AIConsentView.swift */ = {isa = PBXFileReference; lastKnownFileType = sourcecode.swift; path = AIConsentView.swift; sourceTree = "<group>"; };
		A1F3FE262F1C97760062B9FD /* CreditsPaywallView.swift */ = {isa = PBXFileReference; lastKnownFileType = sourcecode.swift; path = CreditsPaywallView.swift; sourceTree = "<group>"; };
		A1F3FE282F1CC1190062B9FD /* OutOfLooksSheet.swift */ = {isa = PBXFileReference; lastKnownFileType = sourcecode.swift; path = OutOfLooksSheet.swift; sourceTree = "<group>"; };
		A1F3FE2A2F1CC13B0062B9FD /* AuroraButton.swift */ = {isa = PBXFileReference; lastKnownFileType = sourcecode.swift; path = AuroraButton.swift; sourceTree = "<group>"; };
		A1F3FE2C2F1D23050062B9FD /* InstrumentSerif-Regular.ttf */ = {isa = PBXFileReference; lastKnownFileType = file; path = "InstrumentSerif-Regular.ttf"; sourceTree = "<group>"; };
		A1F3FE2E2F1D495C0062B9FD /* NotificationManager.swift */ = {isa = PBXFileReference; lastKnownFileType = sourcecode.swift; path = NotificationManager.swift; sourceTree = "<group>"; };
/* End PBXFileReference section */

/* Begin PBXFileSystemSynchronizedRootGroup section */
		A19D36072F09B66E0053724B /* Features */ = {isa = PBXFileSystemSynchronizedRootGroup; explicitFileTypes = {}; explicitFolders = (); path = Features; sourceTree = "<group>"; };
/* End PBXFileSystemSynchronizedRootGroup section */

/* Begin PBXFrameworksBuildPhase section */
		0000000A /* Frameworks */ = {
			isa = PBXFrameworksBuildPhase;
			buildActionMask = 2147483647;
			files = (
				A19D360C2F09BBEF0053724B /* GoogleSignIn in Frameworks */,
				A1003C0F2F3097E7002FACC3 /* Intercom in Frameworks */,
				A1A6468E2F0FD9C400FD182E /* TikTokBusinessSDK in Frameworks */,
				A19D360E2F09BBEF0053724B /* GoogleSignInSwift in Frameworks */,
				A19D36122F0AAA560053724B /* RevenueCat in Frameworks */,
				A19D36222F0C9BA50053724B /* StoreKit.framework in Frameworks */,
			);
			runOnlyForDeploymentPostprocessing = 0;
		};
/* End PBXFrameworksBuildPhase section */

/* Begin PBXGroup section */
		0000000B = {
			isa = PBXGroup;
			children = (
				0000000C /* Eclat */,
				A19D36102F0AAA560053724B /* Frameworks */,
				0000000D /* Products */,
				A1241A632F34AC7C00872294 /* CreatorModeSection.swift */,
			);
			sourceTree = "<group>";
		};
		0000000C /* Eclat */ = {
			isa = PBXGroup;
			children = (
				A19D36202F0C108E0053724B /* Eclat.entitlements */,
				A19D361B2F0B0C360053724B /* Resources */,
				A150F21C2F156913001B9D9B /* EclatApp.swift */,
				00000004 /* ContentView.swift */,
				A183E7132F058271009023E4 /* App */,
				A183E7212F058271009023E4 /* Core */,
				A183E72F2F058271009023E4 /* Features */,
				00000006 /* Assets.xcassets */,
				0000000E /* Preview Content */,
			);
			path = Eclat;
			sourceTree = "<group>";
		};
		0000000D /* Products */ = {
			isa = PBXGroup;
			children = (
				00000009 /* Eclat.app */,
			);
			name = Products;
			sourceTree = "<group>";
		};
		0000000E /* Preview Content */ = {
			isa = PBXGroup;
			children = (
				00000008 /* Preview Assets.xcassets */,
			);
			path = "Preview Content";
			sourceTree = "<group>";
		};
		A129837E2F200F6F00352F7F /* Notifications */ = {
			isa = PBXGroup;
			children = (
				A129837D2F200F6F00352F7F /* PushPermissionView.swift */,
			);
			path = Notifications;
			sourceTree = "<group>";
		};
		A12983852F20255100352F7F /* Data */ = {
			isa = PBXGroup;
			children = (
				A12983842F20255100352F7F /* HairColorData.swift */,
			);
			path = Data;
			sourceTree = "<group>";
		};
		A183E7132F058271009023E4 /* App */ = {
			isa = PBXGroup;
			children = (
				A12983792F2008CD00352F7F /* AppDelegate.swift */,
				A183E7112F058271009023E4 /* AppState.swift */,
				A183E7122F058271009023E4 /* RootView.swift */,
			);
			path = App;
			sourceTree = "<group>";
		};
		A183E7152F058271009023E4 /* Config */ = {
			isa = PBXGroup;
			children = (
				A183E7142F058271009023E4 /* APIConfig.swift */,
			);
			path = Config;
			sourceTree = "<group>";
		};
		A183E7192F058271009023E4 /* Design */ = {
			isa = PBXGroup;
			children = (
				A1F3FE2A2F1CC13B0062B9FD /* AuroraButton.swift */,
				A19D36172F0AD9580053724B /* VariableBlur.swift */,
				A183E7162F058271009023E4 /* Animations.swift */,
				A183E7172F058271009023E4 /* Components.swift */,
				A183E7182F058271009023E4 /* Theme.swift */,
			);
			path = Design;
			sourceTree = "<group>";
		};
		A183E71B2F058271009023E4 /* Extensions */ = {
			isa = PBXGroup;
			children = (
				A149A4E52F17408D00AA7557 /* AccountGlassEffect.swift */,
				A183E71A2F058271009023E4 /* Extensions.swift */,
			);
			path = Extensions;
			sourceTree = "<group>";
		};
		A183E71E2F058271009023E4 /* Network */ = {
			isa = PBXGroup;
			children = (
				A183E71C2F058271009023E4 /* GeminiAPI.swift */,
				A183E71D2F058271009023E4 /* NetworkService.swift */,
			);
			path = Network;
			sourceTree = "<group>";
		};
		A183E7202F058271009023E4 /* Services */ = {
			isa = PBXGroup;
			children = (
				A14A11462F26FE3800918325 /* FunnelExperimentService.swift */,
				A129837B2F200ECB00352F7F /* MonetizationEngine.swift */,
				A1F3FE2E2F1D495C0062B9FD /* NotificationManager.swift */,
				A1957FD92F1C8BBF0090C681 /* CreditsService.swift */,
				A149A4E12F173E5B00AA7557 /* NanoBananaPrompts.swift */,
				A1A6468F2F0FF0C800FD182E /* TikTokService.swift */,
				A19D36002F09B6350053724B /* SupabaseService.swift */,
				A19D36022F09B63B0053724B /* AuthService.swift */,
				A183E71F2F058271009023E4 /* SubscriptionManager.swift */,
				A19D36252F0D12340053724B /* OnboardingDataService.swift */,
				A19D36272F0D12340053724B /* GenerationService.swift */,
			);
			path = Services;
			sourceTree = "<group>";
		};
		A183E7212F058271009023E4 /* Core */ = {
			isa = PBXGroup;
			children = (
				A12983852F20255100352F7F /* Data */,
				A1A6468A2F0D767F00FD182E /* Components */,
				A183E7152F058271009023E4 /* Config */,
				A183E7192F058271009023E4 /* Design */,
				A183E71B2F058271009023E4 /* Extensions */,
				A183E71E2F058271009023E4 /* Network */,
				A183E7202F058271009023E4 /* Services */,
			);
			path = Core;
			sourceTree = "<group>";
		};
		A183E7242F058271009023E4 /* Camera */ = {
			isa = PBXGroup;
			children = (
				A183E7222F058271009023E4 /* CameraService.swift */,
				A183E7232F058271009023E4 /* CameraView.swift */,
				A1241A612F34AC0300872294 /* CreatorModeSection.swift */,
			);
			path = Camera;
			sourceTree = "<group>";
		};
		A183E7262F058271009023E4 /* Home */ = {
			isa = PBXGroup;
			children = (
				A17C0F252F233C6B007F187D /* DevHairstyleSheet.swift */,
				A17C0F232F232362007F187D /* DailyLimitReachedView.swift */,
				A1F3FE282F1CC1190062B9FD /* OutOfLooksSheet.swift */,
				A149A4EB2F17463D00AA7557 /* HomeViewSimplified.swift */,
				A149A4E72F1743EF00AA7557 /* AccountSheetOpal.swift */,
				A149A4E82F1743EF00AA7557 /* SettingsComponents.swift */,
				A149A4E32F17407F00AA7557 /* EditProfileSheet.swift */,
				A183E7252F058271009023E4 /* HomeView.swift */,
			);
			path = Home;
			sourceTree = "<group>";
		};
		A183E7282F058271009023E4 /* Onboarding */ = {
			isa = PBXGroup;
			children = (
				A1241A642F34FEA300872294 /* OnboardingProcessingView.swift */,
				A149A4ED2F17F18000AA7557 /* PostPaywallOnboarding.swift */,
				A183E7272F058271009023E4 /* OnboardingView.swift */,
			);
			path = Onboarding;
			sourceTree = "<group>";
		};
		A183E72A2F058271009023E4 /* Paywall */ = {
			isa = PBXGroup;
			children = (
				A14A11482F27292200918325 /* TrialConversionView.swift */,
				A14A11402F26FD9600918325 /* VariantAPaywallView.swift */,
				A14A11412F26FD9600918325 /* VariantBPaywallView.swift */,
				A14A11422F26FD9600918325 /* VariantCPaywallView.swift */,
				A12983812F200F7B00352F7F /* SegmentedPaywallView.swift */,
				A1F3FE262F1C97760062B9FD /* CreditsPaywallView.swift */,
				A183E7292F058271009023E4 /* PaywallView.swift */,
			);
			path = Paywall;
			sourceTree = "<group>";
		};
		A183E72C2F058271009023E4 /* Processing */ = {
			isa = PBXGroup;
			children = (
				A1B1C8DC2F3DCAF2001ED680 /* AIConsentView.swift */,
				A183E72B2F058271009023E4 /* ProcessingView.swift */,
			);
			path = Processing;
			sourceTree = "<group>";
		};
		A183E72E2F058271009023E4 /* Result */ = {
			isa = PBXGroup;
			children = (
				A183E72D2F058271009023E4 /* ResultView.swift */,
			);
			path = Result;
			sourceTree = "<group>";
		};
		A183E72F2F058271009023E4 /* Features */ = {
			isa = PBXGroup;
			children = (
				A129837E2F200F6F00352F7F /* Notifications */,
				A1A646872F0D716500FD182E /* Auth */,
				A19D361E2F0B36040053724B /* History */,
				A19D36072F09B66E0053724B /* Features */,
				A183E7242F058271009023E4 /* Camera */,
				A183E7262F058271009023E4 /* Home */,
				A183E7282F058271009023E4 /* Onboarding */,
				A183E72A2F058271009023E4 /* Paywall */,
				A183E72C2F058271009023E4 /* Processing */,
				A183E72E2F058271009023E4 /* Result */,
			);
			path = Features;
			sourceTree = "<group>";
		};
		A19D36102F0AAA560053724B /* Frameworks */ = {
			isa = PBXGroup;
			children = (
				A19D36212F0C9BA50053724B /* StoreKit.framework */,
			);
			name = Frameworks;
			sourceTree = "<group>";
		};
		A19D361A2F0B0C360053724B /* Fonts */ = {
			isa = PBXGroup;
			children = (
				A1F3FE2C2F1D23050062B9FD /* InstrumentSerif-Regular.ttf */,
				A1A2274C2F15D4FD00744DFA /* GT-Alpina-Standard-Regular-Trial.otf */,
				A1A2274A2F15C7C500744DFA /* GT-Alpina-Condensed-Thin.otf */,
				A19D36192F0B0C360053724B /* Agrandir Narrow Bold.otf */,
			);
			path = Fonts;
			sourceTree = "<group>";
		};
		A19D361B2F0B0C360053724B /* Resources */ = {
			isa = PBXGroup;
			children = (
				A1A227A12F15E17A00744DFA /* Hairstyles */,
				A19D361A2F0B0C360053724B /* Fonts */,
			);
			path = Resources;
			sourceTree = "<group>";
		};
		A19D361E2F0B36040053724B /* History */ = {
			isa = PBXGroup;
			children = (
				A19D361D2F0B36040053724B /* HistoryView.swift */,
			);
			path = History;
			sourceTree = "<group>";
		};
		A1A2274F2F15E17A00744DFA /* 90s-blowout.imageset */ = {
			isa = PBXGroup;
			children = (
				A1A2274E2F15E17A00744DFA /* Contents.json */,
			);
			path = "90s-blowout.imageset";
			sourceTree = "<group>";
		};
		A1A227512F15E17A00744DFA /* afro-fade.imageset */ = {
			isa = PBXGroup;
			children = (
				A1A227502F15E17A00744DFA /* Contents.json */,
			);
			path = "afro-fade.imageset";
			sourceTree = "<group>";
		};
		A1A227532F15E17A00744DFA /* beach-waves.imageset */ = {
			isa = PBXGroup;
			children = (
				A1A227522F15E17A00744DFA /* Contents.json */,
			);
			path = "beach-waves.imageset";
			sourceTree = "<group>";
		};
		A1A227552F15E17A00744DFA /* blowout-taper.imageset */ = {
			isa = PBXGroup;
			children = (
				A1A227542F15E17A00744DFA /* Contents.json */,
			);
			path = "blowout-taper.imageset";
			sourceTree = "<group>";
		};
		A1A227572F15E17A00744DFA /* blunt-bob.imageset */ = {
			isa = PBXGroup;
			children = (
				A1A227562F15E17A00744DFA /* Contents.json */,
			);
			path = "blunt-bob.imageset";
			sourceTree = "<group>";
		};
		A1A227592F15E17A00744DFA /* box-braids.imageset */ = {
			isa = PBXGroup;
			children = (
				A1A227582F15E17A00744DFA /* Contents.json */,
			);
			path = "box-braids.imageset";
			sourceTree = "<group>";
		};
		A1A2275B2F15E17A00744DFA /* bro-flow.imageset */ = {
			isa = PBXGroup;
			children = (
				A1A2275A2F15E17A00744DFA /* Contents.json */,
			);
			path = "bro-flow.imageset";
			sourceTree = "<group>";
		};
		A1A2275E2F15E17A00744DFA /* butterfly-cut.imageset */ = {
			isa = PBXGroup;
			children = (
				A1A2275C2F15E17A00744DFA /* butterfly-cut.png */,
				A1A2275D2F15E17A00744DFA /* Contents.json */,
			);
			path = "butterfly-cut.imageset";
			sourceTree = "<group>";
		};
		A1A227602F15E17A00744DFA /* buzz-cut.imageset */ = {
			isa = PBXGroup;
			children = (
				A1A2275F2F15E17A00744DFA /* Contents.json */,
			);
			path = "buzz-cut.imageset";
			sourceTree = "<group>";
		};
		A1A227622F15E17A00744DFA /* cornrows-men.imageset */ = {
			isa = PBXGroup;
			children = (
				A1A227612F15E17A00744DFA /* Contents.json */,
			);
			path = "cornrows-men.imageset";
			sourceTree = "<group>";
		};
		A1A227642F15E17A00744DFA /* crew-cut.imageset */ = {
			isa = PBXGroup;
			children = (
				A1A227632F15E17A00744DFA /* Contents.json */,
			);
			path = "crew-cut.imageset";
			sourceTree = "<group>";
		};
		A1A227662F15E17A00744DFA /* curly-top-fade.imageset */ = {
			isa = PBXGroup;
			children = (
				A1A227652F15E17A00744DFA /* Contents.json */,
			);
			path = "curly-top-fade.imageset";
			sourceTree = "<group>";
		};
		A1A227692F15E17A00744DFA /* curtain-bangs.imageset */ = {
			isa = PBXGroup;
			children = (
				A1A227672F15E17A00744DFA /* Contents.json */,
				A1A227682F15E17A00744DFA /* curtains-bangs.png */,
			);
			path = "curtain-bangs.imageset";
			sourceTree = "<group>";
		};
		A1A2276B2F15E17A00744DFA /* curtains.imageset */ = {
			isa = PBXGroup;
			children = (
				A1A2276A2F15E17A00744DFA /* Contents.json */,
			);
			path = curtains.imageset;
			sourceTree = "<group>";
		};
		A1A2276D2F15E17A00744DFA /* dreadlocks.imageset */ = {
			isa = PBXGroup;
			children = (
				A1A2276C2F15E17A00744DFA /* Contents.json */,
			);
			path = dreadlocks.imageset;
			sourceTree = "<group>";
		};
		A1A2276F2F15E17A00744DFA /* french-bob.imageset */ = {
			isa = PBXGroup;
			children = (
				A1A2276E2F15E17A00744DFA /* Contents.json */,
			);
			path = "french-bob.imageset";
			sourceTree = "<group>";
		};
		A1A227712F15E17A00744DFA /* french-crop.imageset */ = {
			isa = PBXGroup;
			children = (
				A1A227702F15E17A00744DFA /* Contents.json */,
			);
			path = "french-crop.imageset";
			sourceTree = "<group>";
		};
		A1A227732F15E17A00744DFA /* high-ponytail.imageset */ = {
			isa = PBXGroup;
			children = (
				A1A227722F15E17A00744DFA /* Contents.json */,
			);
			path = "high-ponytail.imageset";
			sourceTree = "<group>";
		};
		A1A227752F15E17A00744DFA /* hollywood-waves.imageset */ = {
			isa = PBXGroup;
			children = (
				A1A227742F15E17A00744DFA /* Contents.json */,
			);
			path = "hollywood-waves.imageset";
			sourceTree = "<group>";
		};
		A1A227772F15E17A00744DFA /* hush-cut.imageset */ = {
			isa = PBXGroup;
			children = (
				A1A227762F15E17A00744DFA /* Contents.json */,
			);
			path = "hush-cut.imageset";
			sourceTree = "<group>";
		};
		A1A227792F15E17A00744DFA /* line-up.imageset */ = {
			isa = PBXGroup;
			children = (
				A1A227782F15E17A00744DFA /* Contents.json */,
			);
			path = "line-up.imageset";
			sourceTree = "<group>";
		};
		A1A2277B2F15E17A00744DFA /* lob.imageset */ = {
			isa = PBXGroup;
			children = (
				A1A2277A2F15E17A00744DFA /* Contents.json */,
			);
			path = lob.imageset;
			sourceTree = "<group>";
		};
		A1A2277D2F15E17A00744DFA /* long-layers.imageset */ = {
			isa = PBXGroup;
			children = (
				A1A2277C2F15E17A00744DFA /* Contents.json */,
			);
			path = "long-layers.imageset";
			sourceTree = "<group>";
		};
		A1A2277F2F15E17A00744DFA /* low-fade.imageset */ = {
			isa = PBXGroup;
			children = (
				A1A2277E2F15E17A00744DFA /* Contents.json */,
			);
			path = "low-fade.imageset";
			sourceTree = "<group>";
		};
		A1A227812F15E17A00744DFA /* man-bun.imageset */ = {
			isa = PBXGroup;
			children = (
				A1A227802F15E17A00744DFA /* Contents.json */,
			);
			path = "man-bun.imageset";
			sourceTree = "<group>";
		};
		A1A227832F15E17A00744DFA /* modern-shag.imageset */ = {
			isa = PBXGroup;
			children = (
				A1A227822F15E17A00744DFA /* Contents.json */,
			);
			path = "modern-shag.imageset";
			sourceTree = "<group>";
		};
		A1A227852F15E17A00744DFA /* natural-afro.imageset */ = {
			isa = PBXGroup;
			children = (
				A1A227842F15E17A00744DFA /* Contents.json */,
			);
			path = "natural-afro.imageset";
			sourceTree = "<group>";
		};
		A1A227872F15E17A00744DFA /* pixie-cut.imageset */ = {
			isa = PBXGroup;
			children = (
				A1A227862F15E17A00744DFA /* Contents.json */,
			);
			path = "pixie-cut.imageset";
			sourceTree = "<group>";
		};
		A1A227892F15E17A00744DFA /* pompadour.imageset */ = {
			isa = PBXGroup;
			children = (
				A1A227882F15E17A00744DFA /* Contents.json */,
			);
			path = pompadour.imageset;
			sourceTree = "<group>";
		};
		A1A2278B2F15E17A00744DFA /* quiff.imageset */ = {
			isa = PBXGroup;
			children = (
				A1A2278A2F15E17A00744DFA /* Contents.json */,
			);
			path = quiff.imageset;
			sourceTree = "<group>";
		};
		A1A2278D2F15E17A00744DFA /* side-part.imageset */ = {
			isa = PBXGroup;
			children = (
				A1A2278C2F15E17A00744DFA /* Contents.json */,
			);
			path = "side-part.imageset";
			sourceTree = "<group>";
		};
		A1A2278F2F15E17A00744DFA /* skin-fade.imageset */ = {
			isa = PBXGroup;
			children = (
				A1A2278E2F15E17A00744DFA /* Contents.json */,
			);
			path = "skin-fade.imageset";
			sourceTree = "<group>";
		};
		A1A227912F15E17A00744DFA /* sleek-low-bun.imageset */ = {
			isa = PBXGroup;
			children = (
				A1A227902F15E17A00744DFA /* Contents.json */,
			);
			path = "sleek-low-bun.imageset";
			sourceTree = "<group>";
		};
		A1A227932F15E17A00744DFA /* sleek-middle-part.imageset */ = {
			isa = PBXGroup;
			children = (
				A1A227922F15E17A00744DFA /* Contents.json */,
			);
			path = "sleek-middle-part.imageset";
			sourceTree = "<group>";
		};
		A1A227952F15E17A00744DFA /* slick-back.imageset */ = {
			isa = PBXGroup;
			children = (
				A1A227942F15E17A00744DFA /* Contents.json */,
			);
			path = "slick-back.imageset";
			sourceTree = "<group>";
		};
		A1A227972F15E17A00744DFA /* soft-curls.imageset */ = {
			isa = PBXGroup;
			children = (
				A1A227962F15E17A00744DFA /* Contents.json */,
			);
			path = "soft-curls.imageset";
			sourceTree = "<group>";
		};
		A1A227992F15E17A00744DFA /* soft-wolf-cut.imageset */ = {
			isa = PBXGroup;
			children = (
				A1A227982F15E17A00744DFA /* Contents.json */,
			);
			path = "soft-wolf-cut.imageset";
			sourceTree = "<group>";
		};
		A1A2279B2F15E17A00744DFA /* textured-crop.imageset */ = {
			isa = PBXGroup;
			children = (
				A1A2279A2F15E17A00744DFA /* Contents.json */,
			);
			path = "textured-crop.imageset";
			sourceTree = "<group>";
		};
		A1A2279D2F15E17A00744DFA /* two-block.imageset */ = {
			isa = PBXGroup;
			children = (
				A1A2279C2F15E17A00744DFA /* Contents.json */,
			);
			path = "two-block.imageset";
			sourceTree = "<group>";
		};
		A1A2279F2F15E17A00744DFA /* undercut.imageset */ = {
			isa = PBXGroup;
			children = (
				A1A2279E2F15E17A00744DFA /* Contents.json */,
			);
			path = undercut.imageset;
			sourceTree = "<group>";
		};
		A1A227A12F15E17A00744DFA /* Hairstyles */ = {
			isa = PBXGroup;
			children = (
				A1A2274F2F15E17A00744DFA /* 90s-blowout.imageset */,
				A1A227512F15E17A00744DFA /* afro-fade.imageset */,
				A1A227532F15E17A00744DFA /* beach-waves.imageset */,
				A1A227552F15E17A00744DFA /* blowout-taper.imageset */,
				A1A227572F15E17A00744DFA /* blunt-bob.imageset */,
				A1A227592F15E17A00744DFA /* box-braids.imageset */,
				A1A2275B2F15E17A00744DFA /* bro-flow.imageset */,
				A1A2275E2F15E17A00744DFA /* butterfly-cut.imageset */,
				A1A227602F15E17A00744DFA /* buzz-cut.imageset */,
				A1A227622F15E17A00744DFA /* cornrows-men.imageset */,
				A1A227642F15E17A00744DFA /* crew-cut.imageset */,
				A1A227662F15E17A00744DFA /* curly-top-fade.imageset */,
				A1A227692F15E17A00744DFA /* curtain-bangs.imageset */,
				A1A2276B2F15E17A00744DFA /* curtains.imageset */,
				A1A2276D2F15E17A00744DFA /* dreadlocks.imageset */,
				A1A2276F2F15E17A00744DFA /* french-bob.imageset */,
				A1A227712F15E17A00744DFA /* french-crop.imageset */,
				A1A227732F15E17A00744DFA /* high-ponytail.imageset */,
				A1A227752F15E17A00744DFA /* hollywood-waves.imageset */,
				A1A227772F15E17A00744DFA /* hush-cut.imageset */,
				A1A227792F15E17A00744DFA /* line-up.imageset */,
				A1A2277B2F15E17A00744DFA /* lob.imageset */,
				A1A2277D2F15E17A00744DFA /* long-layers.imageset */,
				A1A2277F2F15E17A00744DFA /* low-fade.imageset */,
				A1A227812F15E17A00744DFA /* man-bun.imageset */,
				A1A227832F15E17A00744DFA /* modern-shag.imageset */,
				A1A227852F15E17A00744DFA /* natural-afro.imageset */,
				A1A227872F15E17A00744DFA /* pixie-cut.imageset */,
				A1A227892F15E17A00744DFA /* pompadour.imageset */,
				A1A2278B2F15E17A00744DFA /* quiff.imageset */,
				A1A2278D2F15E17A00744DFA /* side-part.imageset */,
				A1A2278F2F15E17A00744DFA /* skin-fade.imageset */,
				A1A227912F15E17A00744DFA /* sleek-low-bun.imageset */,
				A1A227932F15E17A00744DFA /* sleek-middle-part.imageset */,
				A1A227952F15E17A00744DFA /* slick-back.imageset */,
				A1A227972F15E17A00744DFA /* soft-curls.imageset */,
				A1A227992F15E17A00744DFA /* soft-wolf-cut.imageset */,
				A1A2279B2F15E17A00744DFA /* textured-crop.imageset */,
				A1A2279D2F15E17A00744DFA /* two-block.imageset */,
				A1A2279F2F15E17A00744DFA /* undercut.imageset */,
				A1A227A02F15E17A00744DFA /* Contents.json */,
			);
			path = Hairstyles;
			sourceTree = "<group>";
		};
		A1A646872F0D716500FD182E /* Auth */ = {
			isa = PBXGroup;
			children = (
				A1A646862F0D716500FD182E /* AuthView.swift */,
			);
			path = Auth;
			sourceTree = "<group>";
		};
		A1A6468A2F0D767F00FD182E /* Components */ = {
			isa = PBXGroup;
			children = (
				A1A646892F0D767F00FD182E /* ProBadge.swift */,
			);
			path = Components;
			sourceTree = "<group>";
		};
/* End PBXGroup section */

/* Begin PBXNativeTarget section */
		0000000F /* Eclat */ = {
			isa = PBXNativeTarget;
			buildConfigurationList = 00000010 /* Build configuration list for PBXNativeTarget "Eclat" */;
			buildPhases = (
				00000011 /* Sources */,
				0000000A /* Frameworks */,
				00000012 /* Resources */,
			);
			buildRules = (
			);
			dependencies = (
			);
			fileSystemSynchronizedGroups = (
				A19D36072F09B66E0053724B /* Features */,
			);
			name = Eclat;
			packageProductDependencies = (
				A19D360B2F09BBEF0053724B /* GoogleSignIn */,
				A19D360D2F09BBEF0053724B /* GoogleSignInSwift */,
				A19D36112F0AAA560053724B /* RevenueCat */,
				A1A6468D2F0FD9C400FD182E /* TikTokBusinessSDK */,
				A1003C0E2F3097E7002FACC3 /* Intercom */,
			);
			productName = Halo;
			productReference = 00000009 /* Eclat.app */;
			productType = "com.apple.product-type.application";
		};
/* End PBXNativeTarget section */

/* Begin PBXProject section */
		00000013 /* Project object */ = {
			isa = PBXProject;
			attributes = {
				BuildIndependentTargetsInParallel = 1;
				LastSwiftUpdateCheck = 1500;
				LastUpgradeCheck = 1500;
				TargetAttributes = {
					0000000F = {
						CreatedOnToolsVersion = 15.0;
					};
				};
			};
			buildConfigurationList = 00000014 /* Build configuration list for PBXProject "Eclat" */;
			compatibilityVersion = "Xcode 14.0";
			developmentRegion = en;
			hasScannedForEncodings = 0;
			knownRegions = (
				en,
				Base,
			);
			mainGroup = 0000000B;
			packageReferences = (
				A19D360A2F09BBEF0053724B /* XCRemoteSwiftPackageReference "GoogleSignIn-iOS" */,
				A19D360F2F0A97AA0053724B /* XCRemoteSwiftPackageReference "purchases-ios" */,
				A1A6468C2F0FD9C400FD182E /* XCRemoteSwiftPackageReference "tiktok-business-ios-sdk" */,
				A1003C0D2F3097E7002FACC3 /* XCRemoteSwiftPackageReference "intercom-ios-sp" */,
			);
			productRefGroup = 0000000D /* Products */;
			projectDirPath = "";
			projectRoot = "";
			targets = (
				0000000F /* Eclat */,
			);
		};
/* End PBXProject section */

/* Begin PBXResourcesBuildPhase section */
		00000012 /* Resources */ = {
			isa = PBXResourcesBuildPhase;
			buildActionMask = 2147483647;
			files = (
				A1F3FE2D2F1D23050062B9FD /* InstrumentSerif-Regular.ttf in Resources */,
				A1A2274D2F15D4FD00744DFA /* GT-Alpina-Standard-Regular-Trial.otf in Resources */,
				A1A2274B2F15C7C500744DFA /* GT-Alpina-Condensed-Thin.otf in Resources */,
				00000007 /* Preview Assets.xcassets in Resources */,
				A19D361C2F0B0C360053724B /* Agrandir Narrow Bold.otf in Resources */,
				00000005 /* Assets.xcassets in Resources */,
			);
			runOnlyForDeploymentPostprocessing = 0;
		};
/* End PBXResourcesBuildPhase section */

/* Begin PBXSourcesBuildPhase section */
		00000011 /* Sources */ = {
			isa = PBXSourcesBuildPhase;
			buildActionMask = 2147483647;
			files = (
				A19D36182F0AD9580053724B /* VariableBlur.swift in Sources */,
				A1F3FE2B2F1CC13B0062B9FD /* AuroraButton.swift in Sources */,
				A183E7302F058271009023E4 /* RootView.swift in Sources */,
				A183E7312F058271009023E4 /* CameraView.swift in Sources */,
				A129837A2F2008CD00352F7F /* AppDelegate.swift in Sources */,
				A149A4EC2F17463D00AA7557 /* HomeViewSimplified.swift in Sources */,
				A14A11472F26FE3800918325 /* FunnelExperimentService.swift in Sources */,
				A183E7322F058271009023E4 /* NetworkService.swift in Sources */,
				A183E7332F058271009023E4 /* Components.swift in Sources */,
				A183E7342F058271009023E4 /* PaywallView.swift in Sources */,
				A19D361F2F0B36040053724B /* HistoryView.swift in Sources */,
				A12983862F20255100352F7F /* HairColorData.swift in Sources */,
				A149A4E62F17408D00AA7557 /* AccountGlassEffect.swift in Sources */,
				A183E7352F058271009023E4 /* HomeView.swift in Sources */,
				A129837C2F200ECB00352F7F /* MonetizationEngine.swift in Sources */,
				A149A4E92F1743EF00AA7557 /* AccountSheetOpal.swift in Sources */,
				A149A4EA2F1743EF00AA7557 /* SettingsComponents.swift in Sources */,
				A14A11432F26FD9600918325 /* VariantAPaywallView.swift in Sources */,
				A14A11442F26FD9600918325 /* VariantBPaywallView.swift in Sources */,
				A14A11452F26FD9600918325 /* VariantCPaywallView.swift in Sources */,
				A19D36032F09B63B0053724B /* AuthService.swift in Sources */,
				A183E7362F058271009023E4 /* GeminiAPI.swift in Sources */,
				A183E7372F058271009023E4 /* Animations.swift in Sources */,
				A150F21D2F156913001B9D9B /* EclatApp.swift in Sources */,
				A183E7382F058271009023E4 /* SubscriptionManager.swift in Sources */,
				A19D36012F09B6350053724B /* SupabaseService.swift in Sources */,
				A183E7392F058271009023E4 /* OnboardingView.swift in Sources */,
				A183E73A2F058271009023E4 /* CameraService.swift in Sources */,
				A129837F2F200F6F00352F7F /* PushPermissionView.swift in Sources */,
				A14A11492F27292200918325 /* TrialConversionView.swift in Sources */,
				A17C0F242F232362007F187D /* DailyLimitReachedView.swift in Sources */,
				A149A4E42F17407F00AA7557 /* EditProfileSheet.swift in Sources */,
				A1F3FE2F2F1D495C0062B9FD /* NotificationManager.swift in Sources */,
				A183E73B2F058271009023E4 /* APIConfig.swift in Sources */,
				A1A646882F0D716500FD182E /* AuthView.swift in Sources */,
				A17C0F262F233C6B007F187D /* DevHairstyleSheet.swift in Sources */,
				A183E73C2F058271009023E4 /* Extensions.swift in Sources */,
				A149A4EE2F17F18000AA7557 /* PostPaywallOnboarding.swift in Sources */,
				A12983832F200F7B00352F7F /* SegmentedPaywallView.swift in Sources */,
				A183E73D2F058271009023E4 /* AppState.swift in Sources */,
				A1241A652F34FEA300872294 /* OnboardingProcessingView.swift in Sources */,
				A1957FDA2F1C8BBF0090C681 /* CreditsService.swift in Sources */,
				A183E73E2F058271009023E4 /* Theme.swift in Sources */,
				A1F3FE272F1C97760062B9FD /* CreditsPaywallView.swift in Sources */,
				A183E73F2F058271009023E4 /* ResultView.swift in Sources */,
				A1241A622F34AC0300872294 /* CreatorModeSection.swift in Sources */,
				A1B1C8DD2F3DCAF2001ED680 /* AIConsentView.swift in Sources */,
				A1A646902F0FF0C800FD182E /* TikTokService.swift in Sources */,
				A149A4E22F173E5B00AA7557 /* NanoBananaPrompts.swift in Sources */,
				A1F3FE292F1CC1190062B9FD /* OutOfLooksSheet.swift in Sources */,
				A183E7402F058271009023E4 /* ProcessingView.swift in Sources */,
				A19D36262F0D12340053724B /* OnboardingDataService.swift in Sources */,
				A19D36282F0D12340053724B /* GenerationService.swift in Sources */,
				A1A6468B2F0D767F00FD182E /* ProBadge.swift in Sources */,
				00000003 /* ContentView.swift in Sources */,
			);
			runOnlyForDeploymentPostprocessing = 0;
		};
/* End PBXSourcesBuildPhase section */

/* Begin XCBuildConfiguration section */
		00000015 /* Debug */ = {
			isa = XCBuildConfiguration;
			buildSettings = {
				ALWAYS_SEARCH_USER_PATHS = NO;
				ASSETCATALOG_COMPILER_GENERATE_SWIFT_ASSET_SYMBOL_EXTENSIONS = YES;
				CLANG_ANALYZER_NONNULL = YES;
				CLANG_ANALYZER_NUMBER_OBJECT_CONVERSION = YES_AGGRESSIVE;
				CLANG_CXX_LANGUAGE_STANDARD = "gnu++20";
				CLANG_ENABLE_MODULES = YES;
				CLANG_ENABLE_OBJC_ARC = YES;
				CLANG_ENABLE_OBJC_WEAK = YES;
				CLANG_WARN_BLOCK_CAPTURE_AUTORELEASING = YES;
				CLANG_WARN_BOOL_CONVERSION = YES;
				CLANG_WARN_COMMA = YES;
				CLANG_WARN_CONSTANT_CONVERSION = YES;
				CLANG_WARN_DEPRECATED_OBJC_IMPLEMENTATIONS = YES;
				CLANG_WARN_DIRECT_OBJC_ISA_USAGE = YES_ERROR;
				CLANG_WARN_DOCUMENTATION_COMMENTS = YES;
				CLANG_WARN_EMPTY_BODY = YES;
				CLANG_WARN_ENUM_CONVERSION = YES;
				CLANG_WARN_INFINITE_RECURSION = YES;
				CLANG_WARN_INT_CONVERSION = YES;
				CLANG_WARN_NON_LITERAL_NULL_CONVERSION = YES;
				CLANG_WARN_OBJC_IMPLICIT_RETAIN_SELF = YES;
				CLANG_WARN_OBJC_LITERAL_CONVERSION = YES;
				CLANG_WARN_OBJC_ROOT_CLASS = YES_ERROR;
				CLANG_WARN_QUOTED_INCLUDE_IN_FRAMEWORK_HEADER = YES;
				CLANG_WARN_RANGE_LOOP_ANALYSIS = YES;
				CLANG_WARN_STRICT_PROTOTYPES = YES;
				CLANG_WARN_SUSPICIOUS_MOVE = YES;
				CLANG_WARN_UNGUARDED_AVAILABILITY = YES_AGGRESSIVE;
				CLANG_WARN_UNREACHABLE_CODE = YES;
				CLANG_WARN__DUPLICATE_METHOD_MATCH = YES;
				COPY_PHASE_STRIP = NO;
				DEBUG_INFORMATION_FORMAT = dwarf;
				ENABLE_STRICT_OBJC_MSGSEND = YES;
				ENABLE_TESTABILITY = YES;
				ENABLE_USER_SCRIPT_SANDBOXING = YES;
				GCC_C_LANGUAGE_STANDARD = gnu17;
				GCC_DYNAMIC_NO_PIC = NO;
				GCC_NO_COMMON_BLOCKS = YES;
				GCC_OPTIMIZATION_LEVEL = 0;
				GCC_PREPROCESSOR_DEFINITIONS = (
					"DEBUG=1",
					"$(inherited)",
				);
				GCC_WARN_64_TO_32_BIT_CONVERSION = YES;
				GCC_WARN_ABOUT_RETURN_TYPE = YES_ERROR;
				GCC_WARN_UNDECLARED_SELECTOR = YES;
				GCC_WARN_UNINITIALIZED_AUTOS = YES_AGGRESSIVE;
				GCC_WARN_UNUSED_FUNCTION = YES;
				GCC_WARN_UNUSED_VARIABLE = YES;
				IPHONEOS_DEPLOYMENT_TARGET = 17.0;
				LOCALIZATION_PREFERS_STRING_CATALOGS = YES;
				MTL_ENABLE_DEBUG_INFO = INCLUDE_SOURCE;
				MTL_FAST_MATH = YES;
				ONLY_ACTIVE_ARCH = YES;
				SDKROOT = iphoneos;
				SWIFT_ACTIVE_COMPILATION_CONDITIONS = "DEBUG $(inherited)";
				SWIFT_OPTIMIZATION_LEVEL = "-Onone";
			};
			name = Debug;
		};
		00000016 /* Release */ = {
			isa = XCBuildConfiguration;
			buildSettings = {
				ALWAYS_SEARCH_USER_PATHS = NO;
				ASSETCATALOG_COMPILER_GENERATE_SWIFT_ASSET_SYMBOL_EXTENSIONS = YES;
				CLANG_ANALYZER_NONNULL = YES;
				CLANG_ANALYZER_NUMBER_OBJECT_CONVERSION = YES_AGGRESSIVE;
				CLANG_CXX_LANGUAGE_STANDARD = "gnu++20";
				CLANG_ENABLE_MODULES = YES;
				CLANG_ENABLE_OBJC_ARC = YES;
				CLANG_ENABLE_OBJC_WEAK = YES;
				CLANG_WARN_BLOCK_CAPTURE_AUTORELEASING = YES;
				CLANG_WARN_BOOL_CONVERSION = YES;
				CLANG_WARN_COMMA = YES;
				CLANG_WARN_CONSTANT_CONVERSION = YES;
				CLANG_WARN_DEPRECATED_OBJC_IMPLEMENTATIONS = YES;
				CLANG_WARN_DIRECT_OBJC_ISA_USAGE = YES_ERROR;
				CLANG_WARN_DOCUMENTATION_COMMENTS = YES;
				CLANG_WARN_EMPTY_BODY = YES;
				CLANG_WARN_ENUM_CONVERSION = YES;
				CLANG_WARN_INFINITE_RECURSION = YES;
				CLANG_WARN_INT_CONVERSION = YES;
				CLANG_WARN_NON_LITERAL_NULL_CONVERSION = YES;
				CLANG_WARN_OBJC_IMPLICIT_RETAIN_SELF = YES;
				CLANG_WARN_OBJC_LITERAL_CONVERSION = YES;
				CLANG_WARN_OBJC_ROOT_CLASS = YES_ERROR;
				CLANG_WARN_QUOTED_INCLUDE_IN_FRAMEWORK_HEADER = YES;
				CLANG_WARN_RANGE_LOOP_ANALYSIS = YES;
				CLANG_WARN_STRICT_PROTOTYPES = YES;
				CLANG_WARN_SUSPICIOUS_MOVE = YES;
				CLANG_WARN_UNGUARDED_AVAILABILITY = YES_AGGRESSIVE;
				CLANG_WARN_UNREACHABLE_CODE = YES;
				CLANG_WARN__DUPLICATE_METHOD_MATCH = YES;
				COPY_PHASE_STRIP = NO;
				DEBUG_INFORMATION_FORMAT = "dwarf-with-dsym";
				ENABLE_NS_ASSERTIONS = NO;
				ENABLE_STRICT_OBJC_MSGSEND = YES;
				ENABLE_USER_SCRIPT_SANDBOXING = YES;
				GCC_C_LANGUAGE_STANDARD = gnu17;
				GCC_NO_COMMON_BLOCKS = YES;
				GCC_WARN_64_TO_32_BIT_CONVERSION = YES;
				GCC_WARN_ABOUT_RETURN_TYPE = YES_ERROR;
				GCC_WARN_UNDECLARED_SELECTOR = YES;
				GCC_WARN_UNINITIALIZED_AUTOS = YES_AGGRESSIVE;
				GCC_WARN_UNUSED_FUNCTION = YES;
				GCC_WARN_UNUSED_VARIABLE = YES;
				IPHONEOS_DEPLOYMENT_TARGET = 17.0;
				LOCALIZATION_PREFERS_STRING_CATALOGS = YES;
				MTL_ENABLE_DEBUG_INFO = NO;
				MTL_FAST_MATH = YES;
				SDKROOT = iphoneos;
				SWIFT_COMPILATION_MODE = wholemodule;
				VALIDATE_PRODUCT = YES;
			};
			name = Release;
		};
		00000017 /* Debug */ = {
			isa = XCBuildConfiguration;
			buildSettings = {
				ASSETCATALOG_COMPILER_APPICON_NAME = AppIcon;
				ASSETCATALOG_COMPILER_GLOBAL_ACCENT_COLOR_NAME = AccentColor;
				CODE_SIGN_ENTITLEMENTS = Eclat/Eclat.entitlements;
				CODE_SIGN_STYLE = Automatic;
				CURRENT_PROJECT_VERSION = 4;
				DEVELOPMENT_ASSET_PATHS = "\"Eclat/Preview Content\"";
				DEVELOPMENT_TEAM = 3D2TMTBDFN;
				ENABLE_PREVIEWS = YES;
				GENERATE_INFOPLIST_FILE = YES;
				INFOPLIST_FILE = Eclat/Info.plist;
				INFOPLIST_KEY_CFBundleDisplayName = Eclat;
				INFOPLIST_KEY_LSApplicationCategoryType = "public.app-category.lifestyle";
				INFOPLIST_KEY_NSCameraUsageDescription = "Eclat needs camera access to take your selfie for AI hairstyle try-on.";
				INFOPLIST_KEY_NSPhotoLibraryUsageDescription = "Eclat needs photo library access to select photos for AI hairstyle try-on.";
				INFOPLIST_KEY_UIApplicationSceneManifest_Generation = YES;
				INFOPLIST_KEY_UIApplicationSupportsIndirectInputEvents = YES;
				INFOPLIST_KEY_UILaunchScreen_Generation = YES;
				INFOPLIST_KEY_UISupportedInterfaceOrientations = UIInterfaceOrientationPortrait;
				INFOPLIST_KEY_UISupportedInterfaceOrientations_iPad = "UIInterfaceOrientationLandscapeLeft UIInterfaceOrientationLandscapeRight UIInterfaceOrientationPortrait UIInterfaceOrientationPortraitUpsideDown";
				LD_RUNPATH_SEARCH_PATHS = (
					"$(inherited)",
					"@executable_path/Frameworks",
				);
				MARKETING_VERSION = 1.4.5;
				PRODUCT_BUNDLE_IDENTIFIER = com.parallelventures.halo;
				PRODUCT_NAME = "$(TARGET_NAME)";
				SUPPORTED_PLATFORMS = "iphoneos iphonesimulator";
				SUPPORTS_MACCATALYST = NO;
				SUPPORTS_MAC_DESIGNED_FOR_IPHONE_IPAD = NO;
				SUPPORTS_XR_DESIGNED_FOR_IPHONE_IPAD = NO;
				SWIFT_EMIT_LOC_STRINGS = YES;
				SWIFT_VERSION = 5.0;
				TARGETED_DEVICE_FAMILY = 1;
			};
			name = Debug;
		};
		00000018 /* Release */ = {
			isa = XCBuildConfiguration;
			buildSettings = {
				ASSETCATALOG_COMPILER_APPICON_NAME = AppIcon;
				ASSETCATALOG_COMPILER_GLOBAL_ACCENT_COLOR_NAME = AccentColor;
				CODE_SIGN_ENTITLEMENTS = Eclat/Eclat.entitlements;
				CODE_SIGN_STYLE = Automatic;
				CURRENT_PROJECT_VERSION = 4;
				DEVELOPMENT_ASSET_PATHS = "\"Eclat/Preview Content\"";
				DEVELOPMENT_TEAM = 3D2TMTBDFN;
				ENABLE_PREVIEWS = YES;
				GENERATE_INFOPLIST_FILE = YES;
				INFOPLIST_FILE = Eclat/Info.plist;
				INFOPLIST_KEY_CFBundleDisplayName = Eclat;
				INFOPLIST_KEY_LSApplicationCategoryType = "public.app-category.lifestyle";
				INFOPLIST_KEY_NSCameraUsageDescription = "Eclat needs camera access to take your selfie for AI hairstyle try-on.";
				INFOPLIST_KEY_NSPhotoLibraryUsageDescription = "Eclat needs photo library access to select photos for AI hairstyle try-on.";
				INFOPLIST_KEY_UIApplicationSceneManifest_Generation = YES;
				INFOPLIST_KEY_UIApplicationSupportsIndirectInputEvents = YES;
				INFOPLIST_KEY_UILaunchScreen_Generation = YES;
				INFOPLIST_KEY_UISupportedInterfaceOrientations = UIInterfaceOrientationPortrait;
				INFOPLIST_KEY_UISupportedInterfaceOrientations_iPad = "UIInterfaceOrientationLandscapeLeft UIInterfaceOrientationLandscapeRight UIInterfaceOrientationPortrait UIInterfaceOrientationPortraitUpsideDown";
				LD_RUNPATH_SEARCH_PATHS = (
					"$(inherited)",
					"@executable_path/Frameworks",
				);
				MARKETING_VERSION = 1.4.5;
				PRODUCT_BUNDLE_IDENTIFIER = com.parallelventures.halo;
				PRODUCT_NAME = "$(TARGET_NAME)";
				SUPPORTED_PLATFORMS = "iphoneos iphonesimulator";
				SUPPORTS_MACCATALYST = NO;
				SUPPORTS_MAC_DESIGNED_FOR_IPHONE_IPAD = NO;
				SUPPORTS_XR_DESIGNED_FOR_IPHONE_IPAD = NO;
				SWIFT_EMIT_LOC_STRINGS = YES;
				SWIFT_VERSION = 5.0;
				TARGETED_DEVICE_FAMILY = 1;
			};
			name = Release;
		};
/* End XCBuildConfiguration section */

/* Begin XCConfigurationList section */
		00000010 /* Build configuration list for PBXNativeTarget "Eclat" */ = {
			isa = XCConfigurationList;
			buildConfigurations = (
				00000017 /* Debug */,
				00000018 /* Release */,
			);
			defaultConfigurationIsVisible = 0;
			defaultConfigurationName = Release;
		};
		00000014 /* Build configuration list for PBXProject "Eclat" */ = {
			isa = XCConfigurationList;
			buildConfigurations = (
				00000015 /* Debug */,
				00000016 /* Release */,
			);
			defaultConfigurationIsVisible = 0;
			defaultConfigurationName = Release;
		};
/* End XCConfigurationList section */

/* Begin XCRemoteSwiftPackageReference section */
		A1003C0D2F3097E7002FACC3 /* XCRemoteSwiftPackageReference "intercom-ios-sp" */ = {
			isa = XCRemoteSwiftPackageReference;
			repositoryURL = "https://github.com/intercom/intercom-ios-sp";
			requirement = {
				kind = upToNextMajorVersion;
				minimumVersion = 19.4.1;
			};
		};
		A19D360A2F09BBEF0053724B /* XCRemoteSwiftPackageReference "GoogleSignIn-iOS" */ = {
			isa = XCRemoteSwiftPackageReference;
			repositoryURL = "https://github.com/google/GoogleSignIn-iOS";
			requirement = {
				kind = upToNextMajorVersion;
				minimumVersion = 9.0.0;
			};
		};
		A19D360F2F0A97AA0053724B /* XCRemoteSwiftPackageReference "purchases-ios" */ = {
			isa = XCRemoteSwiftPackageReference;
			repositoryURL = "https://github.com/RevenueCat/purchases-ios";
			requirement = {
				kind = upToNextMajorVersion;
				minimumVersion = 5.52.1;
			};
		};
		A1A6468C2F0FD9C400FD182E /* XCRemoteSwiftPackageReference "tiktok-business-ios-sdk" */ = {
			isa = XCRemoteSwiftPackageReference;
			repositoryURL = "https://github.com/tiktok/tiktok-business-ios-sdk";
			requirement = {
				kind = exactVersion;
				version = 1.5.0;
			};
		};
/* End XCRemoteSwiftPackageReference section */

/* Begin XCSwiftPackageProductDependency section */
		A1003C0E2F3097E7002FACC3 /* Intercom */ = {
			isa = XCSwiftPackageProductDependency;
			package = A1003C0D2F3097E7002FACC3 /* XCRemoteSwiftPackageReference "intercom-ios-sp" */;
			productName = Intercom;
		};
		A19D360B2F09BBEF0053724B /* GoogleSignIn */ = {
			isa = XCSwiftPackageProductDependency;
			package = A19D360A2F09BBEF0053724B /* XCRemoteSwiftPackageReference "GoogleSignIn-iOS" */;
			productName = GoogleSignIn;
		};
		A19D360D2F09BBEF0053724B /* GoogleSignInSwift */ = {
			isa = XCSwiftPackageProductDependency;
			package = A19D360A2F09BBEF0053724B /* XCRemoteSwiftPackageReference "GoogleSignIn-iOS" */;
			productName = GoogleSignInSwift;
		};
		A19D36112F0AAA560053724B /* RevenueCat */ = {
			isa = XCSwiftPackageProductDependency;
			package = A19D360F2F0A97AA0053724B /* XCRemoteSwiftPackageReference "purchases-ios" */;
			productName = RevenueCat;
		};
		A1A6468D2F0FD9C400FD182E /* TikTokBusinessSDK */ = {
			isa = XCSwiftPackageProductDependency;
			package = A1A6468C2F0FD9C400FD182E /* XCRemoteSwiftPackageReference "tiktok-business-ios-sdk" */;
			productName = TikTokBusinessSDK;
		};
/* End XCSwiftPackageProductDependency section */
	};
	rootObject = 00000013 /* Project object */;
}
